{
  "version": 4,
  "terraform_version": "1.7.4",
  "serial": 15,
  "lineage": "a1b2c3d4-e5f6-7890-abcd-ef1234567890",
  "outputs": {
    "resource_group_name": {
      "value": "driftwise-demo-rg",
      "type": "string"
    }
  },
  "resources": [
    {
      "mode": "managed",
      "type": "azurerm_resource_group",
      "name": "main",
      "provider": "provider[\"registry.terraform.io/hashicorp/azurerm\"]",
      "instances": [
        {
          "schema_version": 0,
          "attributes": {
            "id": "/subscriptions/12345678-1234-1234-1234-123456789abc/resourceGroups/driftwise-demo-rg",
            "location": "eastus",
            "name": "driftwise-demo-rg",
            "tags": {
              "environment": "demo",
              "managed_by": "terraform"
            },
            "timeouts": null
          },
          "sensitive_attributes": [],
          "private": "eyJlMiI6Im51bGwifQ=="
        }
      ]
    },
    {
      "mode": "managed",
      "type": "azurerm_storage_account",
      "name": "tfstate",
      "provider": "provider[\"registry.terraform.io/hashicorp/azurerm\"]",
      "instances": [
        {
          "schema_version": 4,
          "attributes": {
            "id": "/subscriptions/12345678-1234-1234-1234-123456789abc/resourceGroups/driftwise-demo-rg/providers/Microsoft.Storage/storageAccounts/driftwisetfstate",
            "name": "driftwisetfstate",
            "resource_group_name": "driftwise-demo-rg",
            "location": "eastus",
            "account_tier": "Standard",
            "account_replication_type": "LRS",
            "account_kind": "StorageV2",
            "access_tier": "Hot",
            "enable_https_traffic_only": true,
            "min_tls_version": "TLS1_2",
            "tags": {
              "environment": "demo"
            },
            "timeouts": null
          },
          "sensitive_attributes": [],
          "private": "eyJlMiI6Im51bGwifQ=="
        }
      ]
    },
    {
      "module": "module.networking",
      "mode": "managed",
      "type": "azurerm_virtual_network",
      "name": "main",
      "provider": "provider[\"registry.terraform.io/hashicorp/azurerm\"]",
      "instances": [
        {
          "schema_version": 0,
          "attributes": {
            "id": "/subscriptions/12345678-1234-1234-1234-123456789abc/resourceGroups/driftwise-demo-rg/providers/Microsoft.Network/virtualNetworks/driftwise-vnet",
            "name": "driftwise-vnet",
            "resource_group_name": "driftwise-demo-rg",
            "location": "eastus",
            "address_space": ["10.0.0.0/16"],
            "dns_servers": [],
            "tags": {
              "environment": "demo"
            },
            "timeouts": null
          },
          "sensitive_attributes": [],
          "private": "eyJlMiI6Im51bGwifQ=="
        }
      ]
    },
    {
      "module": "module.networking",
      "mode": "managed",
      "type": "azurerm_subnet",
      "name": "app",
      "provider": "provider[\"registry.terraform.io/hashicorp/azurerm\"]",
      "instances": [
        {
          "schema_version": 0,
          "attributes": {
            "id": "/subscriptions/12345678-1234-1234-1234-123456789abc/resourceGroups/driftwise-demo-rg/providers/Microsoft.Network/virtualNetworks/driftwise-vnet/subnets/app",
            "name": "app",
            "resource_group_name": "driftwise-demo-rg",
            "virtual_network_name": "driftwise-vnet",
            "address_prefixes": ["10.0.1.0/24"],
            "timeouts": null
          },
          "sensitive_attributes": [],
          "private": "eyJlMiI6Im51bGwifQ=="
        }
      ]
    },
    {
      "mode": "data",
      "type": "azurerm_subscription",
      "name": "current",
      "provider": "provider[\"registry.terraform.io/hashicorp/azurerm\"]",
      "instances": [
        {
          "schema_version": 0,
          "attributes": {
            "id": "/subscriptions/12345678-1234-1234-1234-123456789abc",
            "subscription_id": "12345678-1234-1234-1234-123456789abc",
            "display_name": "DriftWise Demo"
          },
          "sensitive_attributes": []
        }
      ]
    }
  ]
}
